// !$*UTF8*$!
{
	archiveVersion = 1;
	classes = {
	};
	objectVersion = 46;
	objects = {

/* Begin PBXBuildFile section */
		931953441B5F190600CBE3D1 /* main.m in Sources */ = {isa = PBXBuildFile; fileRef = 931953431B5F190600CBE3D1 /* main.m */; };
		931953471B5F190600CBE3D1 /* AppDelegate.m in Sources */ = {isa = PBXBuildFile; fileRef = 931953461B5F190600CBE3D1 /* AppDelegate.m */; };
		931953501B5F190600CBE3D1 /* Main.storyboard in Resources */ = {isa = PBXBuildFile; fileRef = 9319534E1B5F190600CBE3D1 /* Main.storyboard */; };
		931953521B5F190600CBE3D1 /* Images.xcassets in Resources */ = {isa = PBXBuildFile; fileRef = 931953511B5F190600CBE3D1 /* Images.xcassets */; };
		931953551B5F190600CBE3D1 /* LaunchScreen.xib in Resources */ = {isa = PBXBuildFile; fileRef = 931953531B5F190600CBE3D1 /* LaunchScreen.xib */; };
		931953611B5F190600CBE3D1 /* Dungeons_and_Dragons_Virtual_Character_SheetTests.m in Sources */ = {isa = PBXBuildFile; fileRef = 931953601B5F190600CBE3D1 /* Dungeons_and_Dragons_Virtual_Character_SheetTests.m */; };
		9336BDC51B7ED676003109BF /* DNDCharacter.m in Sources */ = {isa = PBXBuildFile; fileRef = 9336BDC41B7ED676003109BF /* DNDCharacter.m */; };
/* End PBXBuildFile section */

/* Begin PBXContainerItemProxy section */
		9319535B1B5F190600CBE3D1 /* PBXContainerItemProxy */ = {
			isa = PBXContainerItemProxy;
			containerPortal = 931953361B5F190600CBE3D1 /* Project object */;
			proxyType = 1;
			remoteGlobalIDString = 9319533D1B5F190600CBE3D1;
			remoteInfo = "Dungeons and Dragons Virtual Character Sheet";
		};
/* End PBXContainerItemProxy section */

/* Begin PBXFileReference section */
		9319533E1B5F190600CBE3D1 /* Dungeons and Dragons Virtual Character Sheet.app */ = {isa = PBXFileReference; explicitFileType = wrapper.application; includeInIndex = 0; path = "Dungeons and Dragons Virtual Character Sheet.app"; sourceTree = BUILT_PRODUCTS_DIR; };
		931953421B5F190600CBE3D1 /* Info.plist */ = {isa = PBXFileReference; lastKnownFileType = text.plist.xml; path = Info.plist; sourceTree = "<group>"; };
		931953431B5F190600CBE3D1 /* main.m */ = {isa = PBXFileReference; lastKnownFileType = sourcecode.c.objc; path = main.m; sourceTree = "<group>"; };
		931953451B5F190600CBE3D1 /* AppDelegate.h */ = {isa = PBXFileReference; lastKnownFileType = sourcecode.c.h; path = AppDelegate.h; sourceTree = "<group>"; };
		931953461B5F190600CBE3D1 /* AppDelegate.m */ = {isa = PBXFileReference; lastKnownFileType = sourcecode.c.objc; path = AppDelegate.m; sourceTree = "<group>"; };
		9319534F1B5F190600CBE3D1 /* Base */ = {isa = PBXFileReference; lastKnownFileType = file.storyboard; name = Base; path = Base.lproj/Main.storyboard; sourceTree = "<group>"; };
		931953511B5F190600CBE3D1 /* Images.xcassets */ = {isa = PBXFileReference; lastKnownFileType = folder.assetcatalog; path = Images.xcassets; sourceTree = "<group>"; };
		931953541B5F190600CBE3D1 /* Base */ = {isa = PBXFileReference; lastKnownFileType = file.xib; name = Base; path = Base.lproj/LaunchScreen.xib; sourceTree = "<group>"; };
		9319535A1B5F190600CBE3D1 /* Dungeons and Dragons Virtual Character SheetTests.xctest */ = {isa = PBXFileReference; explicitFileType = wrapper.cfbundle; includeInIndex = 0; path = "Dungeons and Dragons Virtual Character SheetTests.xctest"; sourceTree = BUILT_PRODUCTS_DIR; };
		9319535F1B5F190600CBE3D1 /* Info.plist */ = {isa = PBXFileReference; lastKnownFileType = text.plist.xml; path = Info.plist; sourceTree = "<group>"; };
		931953601B5F190600CBE3D1 /* Dungeons_and_Dragons_Virtual_Character_SheetTests.m */ = {isa = PBXFileReference; lastKnownFileType = sourcecode.c.objc; path = Dungeons_and_Dragons_Virtual_Character_SheetTests.m; sourceTree = "<group>"; };
		9336BDC31B7ED676003109BF /* DNDCharacter.h */ = {isa = PBXFileReference; fileEncoding = 4; lastKnownFileType = sourcecode.c.h; path = DNDCharacter.h; sourceTree = "<group>"; };
		9336BDC41B7ED676003109BF /* DNDCharacter.m */ = {isa = PBXFileReference; fileEncoding = 4; lastKnownFileType = sourcecode.c.objc; path = DNDCharacter.m; sourceTree = "<group>"; };
/* End PBXFileReference section */

/* Begin PBXFrameworksBuildPhase section */
		9319533B1B5F190600CBE3D1 /* Frameworks */ = {
			isa = PBXFrameworksBuildPhase;
			buildActionMask = 2147483647;
			files = (
			);
			runOnlyForDeploymentPostprocessing = 0;
		};
		931953571B5F190600CBE3D1 /* Frameworks */ = {
			isa = PBXFrameworksBuildPhase;
			buildActionMask = 2147483647;
			files = (
			);
			runOnlyForDeploymentPostprocessing = 0;
		};
/* End PBXFrameworksBuildPhase section */

/* Begin PBXGroup section */
		931953351B5F190600CBE3D1 = {
			isa = PBXGroup;
			children = (
				931953401B5F190600CBE3D1 /* Dungeons and Dragons Virtual Character Sheet */,
				9319535D1B5F190600CBE3D1 /* Dungeons and Dragons Virtual Character SheetTests */,
				9319533F1B5F190600CBE3D1 /* Products */,
			);
			sourceTree = "<group>";
		};
		9319533F1B5F190600CBE3D1 /* Products */ = {
			isa = PBXGroup;
			children = (
				9319533E1B5F190600CBE3D1 /* Dungeons and Dragons Virtual Character Sheet.app */,
				9319535A1B5F190600CBE3D1 /* Dungeons and Dragons Virtual Character SheetTests.xctest */,
			);
			name = Products;
			sourceTree = "<group>";
		};
		931953401B5F190600CBE3D1 /* Dungeons and Dragons Virtual Character Sheet */ = {
			isa = PBXGroup;
			children = (
				931953451B5F190600CBE3D1 /* AppDelegate.h */,
				931953461B5F190600CBE3D1 /* AppDelegate.m */,
				9319534E1B5F190600CBE3D1 /* Main.storyboard */,
				9336BDC31B7ED676003109BF /* DNDCharacter.h */,
				9336BDC41B7ED676003109BF /* DNDCharacter.m */,
				931953511B5F190600CBE3D1 /* Images.xcassets */,
				931953531B5F190600CBE3D1 /* LaunchScreen.xib */,
				931953411B5F190600CBE3D1 /* Supporting Files */,
			);
			path = "Dungeons and Dragons Virtual Character Sheet";
			sourceTree = "<group>";
		};
		931953411B5F190600CBE3D1 /* Supporting Files */ = {
			isa = PBXGroup;
			children = (
				931953421B5F190600CBE3D1 /* Info.plist */,
				931953431B5F190600CBE3D1 /* main.m */,
			);
			name = "Supporting Files";
			sourceTree = "<group>";
		};
		9319535D1B5F190600CBE3D1 /* Dungeons and Dragons Virtual Character SheetTests */ = {
			isa = PBXGroup;
			children = (
				931953601B5F190600CBE3D1 /* Dungeons_and_Dragons_Virtual_Character_SheetTests.m */,
				9319535E1B5F190600CBE3D1 /* Supporting Files */,
			);
			path = "Dungeons and Dragons Virtual Character SheetTests";
			sourceTree = "<group>";
		};
		9319535E1B5F190600CBE3D1 /* Supporting Files */ = {
			isa = PBXGroup;
			children = (
				9319535F1B5F190600CBE3D1 /* Info.plist */,
			);
			name = "Supporting Files";
			sourceTree = "<group>";
		};
/* End PBXGroup section */

/* Begin PBXNativeTarget section */
		9319533D1B5F190600CBE3D1 /* Dungeons and Dragons Virtual Character Sheet */ = {
			isa = PBXNativeTarget;
			buildConfigurationList = 931953641B5F190600CBE3D1 /* Build configuration list for PBXNativeTarget "Dungeons and Dragons Virtual Character Sheet" */;
			buildPhases = (
				9319533A1B5F190600CBE3D1 /* Sources */,
				9319533B1B5F190600CBE3D1 /* Frameworks */,
				9319533C1B5F190600CBE3D1 /* Resources */,
			);
			buildRules = (
			);
			dependencies = (
			);
			name = "Dungeons and Dragons Virtual Character Sheet";
			productName = "Dungeons and Dragons Virtual Character Sheet";
			productReference = 9319533E1B5F190600CBE3D1 /* Dungeons and Dragons Virtual Character Sheet.app */;
			productType = "com.apple.product-type.application";
		};
		931953591B5F190600CBE3D1 /* Dungeons and Dragons Virtual Character SheetTests */ = {
			isa = PBXNativeTarget;
			buildConfigurationList = 931953671B5F190600CBE3D1 /* Build configuration list for PBXNativeTarget "Dungeons and Dragons Virtual Character SheetTests" */;
			buildPhases = (
				931953561B5F190600CBE3D1 /* Sources */,
				931953571B5F190600CBE3D1 /* Frameworks */,
				931953581B5F190600CBE3D1 /* Resources */,
			);
			buildRules = (
			);
			dependencies = (
				9319535C1B5F190600CBE3D1 /* PBXTargetDependency */,
			);
			name = "Dungeons and Dragons Virtual Character SheetTests";
			productName = "Dungeons and Dragons Virtual Character SheetTests";
			productReference = 9319535A1B5F190600CBE3D1 /* Dungeons and Dragons Virtual Character SheetTests.xctest */;
			productType = "com.apple.product-type.bundle.unit-test";
		};
/* End PBXNativeTarget section */

/* Begin PBXProject section */
		931953361B5F190600CBE3D1 /* Project object */ = {
			isa = PBXProject;
			attributes = {
				LastUpgradeCheck = 0700;
				ORGANIZATIONNAME = "Grant Hamilton Cordle";
				TargetAttributes = {
					9319533D1B5F190600CBE3D1 = {
						CreatedOnToolsVersion = 6.4;
					};
					931953591B5F190600CBE3D1 = {
						CreatedOnToolsVersion = 6.4;
						TestTargetID = 9319533D1B5F190600CBE3D1;
					};
				};
			};
			buildConfigurationList = 931953391B5F190600CBE3D1 /* Build configuration list for PBXProject "Dungeons and Dragons Virtual Character Sheet" */;
			compatibilityVersion = "Xcode 3.2";
			developmentRegion = English;
			hasScannedForEncodings = 0;
			knownRegions = (
				en,
				Base,
			);
			mainGroup = 931953351B5F190600CBE3D1;
			productRefGroup = 9319533F1B5F190600CBE3D1 /* Products */;
			projectDirPath = "";
			projectRoot = "";
			targets = (
				9319533D1B5F190600CBE3D1 /* Dungeons and Dragons Virtual Character Sheet */,
				931953591B5F190600CBE3D1 /* Dungeons and Dragons Virtual Character SheetTests */,
			);
		};
/* End PBXProject section */

/* Begin PBXResourcesBuildPhase section */
		9319533C1B5F190600CBE3D1 /* Resources */ = {
			isa = PBXResourcesBuildPhase;
			buildActionMask = 2147483647;
			files = (
				931953501B5F190600CBE3D1 /* Main.storyboard in Resources */,
				931953551B5F190600CBE3D1 /* LaunchScreen.xib in Resources */,
				931953521B5F190600CBE3D1 /* Images.xcassets in Resources */,
			);
			runOnlyForDeploymentPostprocessing = 0;
		};
		931953581B5F190600CBE3D1 /* Resources */ = {
			isa = PBXResourcesBuildPhase;
			buildActionMask = 2147483647;
			files = (
			);
			runOnlyForDeploymentPostprocessing = 0;
		};
/* End PBXResourcesBuildPhase section */

/* Begin PBXSourcesBuildPhase section */
		9319533A1B5F190600CBE3D1 /* Sources */ = {
			isa = PBXSourcesBuildPhase;
			buildActionMask = 2147483647;
			files = (
				9336BDC51B7ED676003109BF /* DNDCharacter.m in Sources */,
				931953471B5F190600CBE3D1 /* AppDelegate.m in Sources */,
				931953441B5F190600CBE3D1 /* main.m in Sources */,
			);
			runOnlyForDeploymentPostprocessing = 0;
		};
		931953561B5F190600CBE3D1 /* Sources */ = {
			isa = PBXSourcesBuildPhase;
			buildActionMask = 2147483647;
			files = (
				931953611B5F190600CBE3D1 /* Dungeons_and_Dragons_Virtual_Character_SheetTests.m in Sources */,
			);
			runOnlyForDeploymentPostprocessing = 0;
		};
/* End PBXSourcesBuildPhase section */

/* Begin PBXTargetDependency section */
		9319535C1B5F190600CBE3D1 /* PBXTargetDependency */ = {
			isa = PBXTargetDependency;
			target = 9319533D1B5F190600CBE3D1 /* Dungeons and Dragons Virtual Character Sheet */;
			targetProxy = 9319535B1B5F190600CBE3D1 /* PBXContainerItemProxy */;
		};
/* End PBXTargetDependency section */

/* Begin PBXVariantGroup section */
		9319534E1B5F190600CBE3D1 /* Main.storyboard */ = {
			isa = PBXVariantGroup;
			children = (
				9319534F1B5F190600CBE3D1 /* Base */,
			);
			name = Main.storyboard;
			sourceTree = "<group>";
		};
		931953531B5F190600CBE3D1 /* LaunchScreen.xib */ = {
			isa = PBXVariantGroup;
			children = (
				931953541B5F190600CBE3D1 /* Base */,
			);
			name = LaunchScreen.xib;
			sourceTree = "<group>";
		};
/* End PBXVariantGroup section */

/* Begin XCBuildConfiguration section */
		931953621B5F190600CBE3D1 /* Debug */ = {
			isa = XCBuildConfiguration;
			buildSettings = {
				ALWAYS_SEARCH_USER_PATHS = NO;
				CLANG_CXX_LANGUAGE_STANDARD = "gnu++0x";
				CLANG_CXX_LIBRARY = "libc++";
				CLANG_ENABLE_MODULES = YES;
				CLANG_ENABLE_OBJC_ARC = YES;
				CLANG_WARN_BOOL_CONVERSION = YES;
				CLANG_WARN_CONSTANT_CONVERSION = YES;
				CLANG_WARN_DIRECT_OBJC_ISA_USAGE = YES_ERROR;
				CLANG_WARN_EMPTY_BODY = YES;
				CLANG_WARN_ENUM_CONVERSION = YES;
				CLANG_WARN_INT_CONVERSION = YES;
				CLANG_WARN_OBJC_ROOT_CLASS = YES_ERROR;
				CLANG_WARN_UNREACHABLE_CODE = YES;
				CLANG_WARN__DUPLICATE_METHOD_MATCH = YES;
				"CODE_SIGN_IDENTITY[sdk=iphoneos*]" = "iPhone Developer";
				COPY_PHASE_STRIP = NO;
				DEBUG_INFORMATION_FORMAT = "dwarf-with-dsym";
				ENABLE_STRICT_OBJC_MSGSEND = YES;
				ENABLE_TESTABILITY = YES;
				GCC_C_LANGUAGE_STANDARD = gnu99;
				GCC_DYNAMIC_NO_PIC = NO;
				GCC_NO_COMMON_BLOCKS = YES;
				GCC_OPTIMIZATION_LEVEL = 0;
				GCC_PREPROCESSOR_DEFINITIONS = (
					"DEBUG=1",
					"$(inherited)",
				);
				GCC_SYMBOLS_PRIVATE_EXTERN = NO;
				GCC_WARN_64_TO_32_BIT_CONVERSION = YES;
				GCC_WARN_ABOUT_RETURN_TYPE = YES_ERROR;
				GCC_WARN_UNDECLARED_SELECTOR = YES;
				GCC_WARN_UNINITIALIZED_AUTOS = YES_AGGRESSIVE;
				GCC_WARN_UNUSED_FUNCTION = YES;
				GCC_WARN_UNUSED_VARIABLE = YES;
				IPHONEOS_DEPLOYMENT_TARGET = 8.4;
				MTL_ENABLE_DEBUG_INFO = YES;
				ONLY_ACTIVE_ARCH = YES;
				SDKROOT = iphoneos;
				TARGETED_DEVICE_FAMILY = "1,2";
			};
			name = Debug;
		};
		931953631B5F190600CBE3D1 /* Release */ = {
			isa = XCBuildConfiguration;
			buildSettings = {
				ALWAYS_SEARCH_USER_PATHS = NO;
				CLANG_CXX_LANGUAGE_STANDARD = "gnu++0x";
				CLANG_CXX_LIBRARY = "libc++";
				CLANG_ENABLE_MODULES = YES;
				CLANG_ENABLE_OBJC_ARC = YES;
				CLANG_WARN_BOOL_CONVERSION = YES;
				CLANG_WARN_CONSTANT_CONVERSION = YES;
				CLANG_WARN_DIRECT_OBJC_ISA_USAGE = YES_ERROR;
				CLANG_WARN_EMPTY_BODY = YES;
				CLANG_WARN_ENUM_CONVERSION = YES;
				CLANG_WARN_INT_CONVERSION = YES;
				CLANG_WARN_OBJC_ROOT_CLASS = YES_ERROR;
				CLANG_WARN_UNREACHABLE_CODE = YES;
				CLANG_WARN__DUPLICATE_METHOD_MATCH = YES;
				"CODE_SIGN_IDENTITY[sdk=iphoneos*]" = "iPhone Developer";
				COPY_PHASE_STRIP = NO;
				DEBUG_INFORMATION_FORMAT = "dwarf-with-dsym";
				ENABLE_NS_ASSERTIONS = NO;
				ENABLE_STRICT_OBJC_MSGSEND = YES;
				GCC_C_LANGUAGE_STANDARD = gnu99;
				GCC_NO_COMMON_BLOCKS = YES;
				GCC_WARN_64_TO_32_BIT_CONVERSION = YES;
				GCC_WARN_ABOUT_RETURN_TYPE = YES_ERROR;
				GCC_WARN_UNDECLARED_SELECTOR = YES;
				GCC_WARN_UNINITIALIZED_AUTOS = YES_AGGRESSIVE;
				GCC_WARN_UNUSED_FUNCTION = YES;
				GCC_WARN_UNUSED_VARIABLE = YES;
				IPHONEOS_DEPLOYMENT_TARGET = 8.4;
				MTL_ENABLE_DEBUG_INFO = NO;
				SDKROOT = iphoneos;
				TARGETED_DEVICE_FAMILY = "1,2";
				VALIDATE_PRODUCT = YES;
			};
			name = Release;
		};
		931953651B5F190600CBE3D1 /* Debug */ = {
			isa = XCBuildConfiguration;
			buildSettings = {
				ASSETCATALOG_COMPILER_APPICON_NAME = AppIcon;
				INFOPLIST_FILE = "Dungeons and Dragons Virtual Character Sheet/Info.plist";
				LD_RUNPATH_SEARCH_PATHS = "$(inherited) @executable_path/Frameworks";
				PRODUCT_BUNDLE_IDENTIFIER = "GHC.$(PRODUCT_NAME:rfc1034identifier)";
				PRODUCT_NAME = "$(TARGET_NAME)";
			};
			name = Debug;
		};
		931953661B5F190600CBE3D1 /* Release */ = {
			isa = XCBuildConfiguration;
			buildSettings = {
				ASSETCATALOG_COMPILER_APPICON_NAME = AppIcon;
				INFOPLIST_FILE = "Dungeons and Dragons Virtual Character Sheet/Info.plist";
				LD_RUNPATH_SEARCH_PATHS = "$(inherited) @executable_path/Frameworks";
				PRODUCT_BUNDLE_IDENTIFIER = "GHC.$(PRODUCT_NAME:rfc1034identifier)";
				PRODUCT_NAME = "$(TARGET_NAME)";
			};
			name = Release;
		};
		931953681B5F190600CBE3D1 /* Debug */ = {
			isa = XCBuildConfiguration;
			buildSettings = {
				BUNDLE_LOADER = "$(TEST_HOST)";
				FRAMEWORK_SEARCH_PATHS = (
					"$(SDKROOT)/Developer/Library/Frameworks",
					"$(inherited)",
				);
				GCC_PREPROCESSOR_DEFINITIONS = (
					"DEBUG=1",
					"$(inherited)",
				);
				INFOPLIST_FILE = "Dungeons and Dragons Virtual Character SheetTests/Info.plist";
				LD_RUNPATH_SEARCH_PATHS = "$(inherited) @executable_path/Frameworks @loader_path/Frameworks";
				PRODUCT_BUNDLE_IDENTIFIER = "GHC.$(PRODUCT_NAME:rfc1034identifier)";
				PRODUCT_NAME = "$(TARGET_NAME)";
				TEST_HOST = "$(BUILT_PRODUCTS_DIR)/Dungeons and Dragons Virtual Character Sheet.app/Dungeons and Dragons Virtual Character Sheet";
			};
			name = Debug;
		};
		931953691B5F190600CBE3D1 /* Release */ = {
			isa = XCBuildConfiguration;
			buildSettings = {
				BUNDLE_LOADER = "$(TEST_HOST)";
				FRAMEWORK_SEARCH_PATHS = (
					"$(SDKROOT)/Developer/Library/Frameworks",
					"$(inherited)",
				);
				INFOPLIST_FILE = "Dungeons and Dragons Virtual Character SheetTests/Info.plist";
				LD_RUNPATH_SEARCH_PATHS = "$(inherited) @executable_path/Frameworks @loader_path/Frameworks";
				PRODUCT_BUNDLE_IDENTIFIER = "GHC.$(PRODUCT_NAME:rfc1034identifier)";
				PRODUCT_NAME = "$(TARGET_NAME)";
				TEST_HOST = "$(BUILT_PRODUCTS_DIR)/Dungeons and Dragons Virtual Character Sheet.app/Dungeons and Dragons Virtual Character Sheet";
			};
			name = Release;
		};
/* End XCBuildConfiguration section */

/* Begin XCConfigurationList section */
		931953391B5F190600CBE3D1 /* Build configuration list for PBXProject "Dungeons and Dragons Virtual Character Sheet" */ = {
			isa = XCConfigurationList;
			buildConfigurations = (
				931953621B5F190600CBE3D1 /* Debug */,
				931953631B5F190600CBE3D1 /* Release */,
			);
			defaultConfigurationIsVisible = 0;
			defaultConfigurationName = Release;
		};
		931953641B5F190600CBE3D1 /* Build configuration list for PBXNativeTarget "Dungeons and Dragons Virtual Character Sheet" */ = {
			isa = XCConfigurationList;
			buildConfigurations = (
				931953651B5F190600CBE3D1 /* Debug */,
				931953661B5F190600CBE3D1 /* Release */,
			);
			defaultConfigurationIsVisible = 0;
			defaultConfigurationName = Release;
		};
		931953671B5F190600CBE3D1 /* Build configuration list for PBXNativeTarget "Dungeons and Dragons Virtual Character SheetTests" */ = {
			isa = XCConfigurationList;
			buildConfigurations = (
				931953681B5F190600CBE3D1 /* Debug */,
				931953691B5F190600CBE3D1 /* Release */,
			);
			defaultConfigurationIsVisible = 0;
			defaultConfigurationName = Release;
		};
/* End XCConfigurationList section */
	};
	rootObject = 931953361B5F190600CBE3D1 /* Project object */;
}
